
Microsoft Visual Studio Solution File, Format Version 12.00
# Visual Studio 2012
Project("{8BC9CEB8-8B4A-11D0-8D11-00A0C91BC942}") = "m16cflasher", "m16cflasher\m16cflasher.vcxproj", "{205E8EED-F9F5-4C13-A8F4-EDC44F3F6940}"
EndProject
Global
	GlobalSection(SolutionConfigurationPlatforms) = preSolution
		Debug|Win32 = Debug|Win32
		Release|Win32 = Release|Win32
	EndGlobalSection
	GlobalSection(ProjectConfigurationPlatforms) = postSolution
		{205E8EED-F9F5-4C13-A8F4-EDC44F3F6940}.Debug|Win32.ActiveCfg = Debug|Win32
		{205E8EED-F9F5-4C13-A8F4-EDC44F3F6940}.Debug|Win32.Build.0 = Debug|Win32
		{205E8EED-F9F5-4C13-A8F4-EDC44F3F6940}.Release|Win32.ActiveCfg = Release|Win32
		{205E8EED-F9F5-4C13-A8F4-EDC44F3F6940}.Release|Win32.Build.0 = Release|Win32
	EndGlobalSection
	GlobalSection(SolutionProperties) = preSolution
		HideSolutionNode = FALSE
	EndGlobalSection
EndGlobal
